// !$*UTF8*$!
{
	archiveVersion = 1;
	classes = {
	};
	objectVersion = 55;
	objects = {

/* Begin PBXBuildFile section */
		C959D0DD28E9AF4A00128DDE /* swiftMemo.xcdatamodeld in Sources */ = {isa = PBXBuildFile; fileRef = C959D0CA28E9AF4800128DDE /* swiftMemo.xcdatamodeld */; };
		C959D0DE28E9AF4A00128DDE /* swiftMemo.xcdatamodeld in Sources */ = {isa = PBXBuildFile; fileRef = C959D0CA28E9AF4800128DDE /* swiftMemo.xcdatamodeld */; };
		C959D0DF28E9AF4A00128DDE /* swiftMemoApp.swift in Sources */ = {isa = PBXBuildFile; fileRef = C959D0CC28E9AF4800128DDE /* swiftMemoApp.swift */; };
		C959D0E028E9AF4A00128DDE /* swiftMemoApp.swift in Sources */ = {isa = PBXBuildFile; fileRef = C959D0CC28E9AF4800128DDE /* swiftMemoApp.swift */; };
		C959D0E328E9AF4A00128DDE /* Persistence.swift in Sources */ = {isa = PBXBuildFile; fileRef = C959D0CE28E9AF4800128DDE /* Persistence.swift */; };
		C959D0E428E9AF4A00128DDE /* Persistence.swift in Sources */ = {isa = PBXBuildFile; fileRef = C959D0CE28E9AF4800128DDE /* Persistence.swift */; };
		C959D0E528E9AF4A00128DDE /* Assets.xcassets in Resources */ = {isa = PBXBuildFile; fileRef = C959D0CF28E9AF4A00128DDE /* Assets.xcassets */; };
		C959D0E628E9AF4A00128DDE /* Assets.xcassets in Resources */ = {isa = PBXBuildFile; fileRef = C959D0CF28E9AF4A00128DDE /* Assets.xcassets */; };
		C959D0F028E9AF9600128DDE /* MainListView.swift in Sources */ = {isa = PBXBuildFile; fileRef = C959D0EF28E9AF9600128DDE /* MainListView.swift */; };
		C959D0F128E9AF9600128DDE /* MainListView.swift in Sources */ = {isa = PBXBuildFile; fileRef = C959D0EF28E9AF9600128DDE /* MainListView.swift */; };
		C959D0F528E9B02C00128DDE /* Memo.swift in Sources */ = {isa = PBXBuildFile; fileRef = C959D0F428E9B02C00128DDE /* Memo.swift */; };
		C959D0F628E9B02C00128DDE /* Memo.swift in Sources */ = {isa = PBXBuildFile; fileRef = C959D0F428E9B02C00128DDE /* Memo.swift */; };
		C959D0F828E9B0AD00128DDE /* MemoStore.swift in Sources */ = {isa = PBXBuildFile; fileRef = C959D0F728E9B0AD00128DDE /* MemoStore.swift */; };
		C959D0F928E9B0AD00128DDE /* MemoStore.swift in Sources */ = {isa = PBXBuildFile; fileRef = C959D0F728E9B0AD00128DDE /* MemoStore.swift */; };
		C959D0FC28E9B5BE00128DDE /* MemoCell.swift in Sources */ = {isa = PBXBuildFile; fileRef = C959D0FB28E9B5BE00128DDE /* MemoCell.swift */; };
		C959D0FD28E9B5BE00128DDE /* MemoCell.swift in Sources */ = {isa = PBXBuildFile; fileRef = C959D0FB28E9B5BE00128DDE /* MemoCell.swift */; };
/* End PBXBuildFile section */

/* Begin PBXFileReference section */
		C959D0CB28E9AF4800128DDE /* Shared.xcdatamodel */ = {isa = PBXFileReference; lastKnownFileType = wrapper.xcdatamodel; path = Shared.xcdatamodel; sourceTree = "<group>"; };
		C959D0CC28E9AF4800128DDE /* swiftMemoApp.swift */ = {isa = PBXFileReference; lastKnownFileType = sourcecode.swift; path = swiftMemoApp.swift; sourceTree = "<group>"; };
		C959D0CE28E9AF4800128DDE /* Persistence.swift */ = {isa = PBXFileReference; lastKnownFileType = sourcecode.swift; path = Persistence.swift; sourceTree = "<group>"; };
		C959D0CF28E9AF4A00128DDE /* Assets.xcassets */ = {isa = PBXFileReference; lastKnownFileType = folder.assetcatalog; path = Assets.xcassets; sourceTree = "<group>"; };
		C959D0D428E9AF4A00128DDE /* swiftMemo.app */ = {isa = PBXFileReference; explicitFileType = wrapper.application; includeInIndex = 0; path = swiftMemo.app; sourceTree = BUILT_PRODUCTS_DIR; };
		C959D0DA28E9AF4A00128DDE /* swiftMemo.app */ = {isa = PBXFileReference; explicitFileType = wrapper.application; includeInIndex = 0; path = swiftMemo.app; sourceTree = BUILT_PRODUCTS_DIR; };
		C959D0DC28E9AF4A00128DDE /* macOS.entitlements */ = {isa = PBXFileReference; lastKnownFileType = text.plist.entitlements; path = macOS.entitlements; sourceTree = "<group>"; };
		C959D0EF28E9AF9600128DDE /* MainListView.swift */ = {isa = PBXFileReference; lastKnownFileType = sourcecode.swift; path = MainListView.swift; sourceTree = "<group>"; };
		C959D0F428E9B02C00128DDE /* Memo.swift */ = {isa = PBXFileReference; lastKnownFileType = sourcecode.swift; path = Memo.swift; sourceTree = "<group>"; };
		C959D0F728E9B0AD00128DDE /* MemoStore.swift */ = {isa = PBXFileReference; lastKnownFileType = sourcecode.swift; path = MemoStore.swift; sourceTree = "<group>"; };
		C959D0FB28E9B5BE00128DDE /* MemoCell.swift */ = {isa = PBXFileReference; lastKnownFileType = sourcecode.swift; path = MemoCell.swift; sourceTree = "<group>"; };
/* End PBXFileReference section */

/* Begin PBXFrameworksBuildPhase section */
		C959D0D128E9AF4A00128DDE /* Frameworks */ = {
			isa = PBXFrameworksBuildPhase;
			buildActionMask = 2147483647;
			files = (
			);
			runOnlyForDeploymentPostprocessing = 0;
		};
		C959D0D728E9AF4A00128DDE /* Frameworks */ = {
			isa = PBXFrameworksBuildPhase;
			buildActionMask = 2147483647;
			files = (
			);
			runOnlyForDeploymentPostprocessing = 0;
		};
/* End PBXFrameworksBuildPhase section */

/* Begin PBXGroup section */
		C959D0C428E9AF4800128DDE = {
			isa = PBXGroup;
			children = (
				C959D0C928E9AF4800128DDE /* Shared */,
				C959D0DB28E9AF4A00128DDE /* macOS */,
				C959D0D528E9AF4A00128DDE /* Products */,
			);
			sourceTree = "<group>";
		};
		C959D0C928E9AF4800128DDE /* Shared */ = {
			isa = PBXGroup;
			children = (
				C959D0FA28E9B5A800128DDE /* View */,
				C959D0F328E9AFD900128DDE /* Memory */,
				C959D0F228E9AFC900128DDE /* CoreData */,
				C959D0CC28E9AF4800128DDE /* swiftMemoApp.swift */,
				C959D0EF28E9AF9600128DDE /* MainListView.swift */,
				C959D0CF28E9AF4A00128DDE /* Assets.xcassets */,
			);
			path = Shared;
			sourceTree = "<group>";
		};
		C959D0D528E9AF4A00128DDE /* Products */ = {
			isa = PBXGroup;
			children = (
				C959D0D428E9AF4A00128DDE /* swiftMemo.app */,
				C959D0DA28E9AF4A00128DDE /* swiftMemo.app */,
			);
			name = Products;
			sourceTree = "<group>";
		};
		C959D0DB28E9AF4A00128DDE /* macOS */ = {
			isa = PBXGroup;
			children = (
				C959D0DC28E9AF4A00128DDE /* macOS.entitlements */,
			);
			path = macOS;
			sourceTree = "<group>";
		};
		C959D0F228E9AFC900128DDE /* CoreData */ = {
			isa = PBXGroup;
			children = (
				C959D0CE28E9AF4800128DDE /* Persistence.swift */,
				C959D0CA28E9AF4800128DDE /* swiftMemo.xcdatamodeld */,
			);
			path = CoreData;
			sourceTree = "<group>";
		};
		C959D0F328E9AFD900128DDE /* Memory */ = {
			isa = PBXGroup;
			children = (
				C959D0F428E9B02C00128DDE /* Memo.swift */,
				C959D0F728E9B0AD00128DDE /* MemoStore.swift */,
			);
			path = Memory;
			sourceTree = "<group>";
		};
		C959D0FA28E9B5A800128DDE /* View */ = {
			isa = PBXGroup;
			children = (
				C959D0FB28E9B5BE00128DDE /* MemoCell.swift */,
			);
			path = View;
			sourceTree = "<group>";
		};
/* End PBXGroup section */

/* Begin PBXNativeTarget section */
		C959D0D328E9AF4A00128DDE /* swiftMemo (iOS) */ = {
			isa = PBXNativeTarget;
			buildConfigurationList = C959D0E928E9AF4A00128DDE /* Build configuration list for PBXNativeTarget "swiftMemo (iOS)" */;
			buildPhases = (
				C959D0D028E9AF4A00128DDE /* Sources */,
				C959D0D128E9AF4A00128DDE /* Frameworks */,
				C959D0D228E9AF4A00128DDE /* Resources */,
			);
			buildRules = (
			);
			dependencies = (
			);
			name = "swiftMemo (iOS)";
			productName = "swiftMemo (iOS)";
			productReference = C959D0D428E9AF4A00128DDE /* swiftMemo.app */;
			productType = "com.apple.product-type.application";
		};
		C959D0D928E9AF4A00128DDE /* swiftMemo (macOS) */ = {
			isa = PBXNativeTarget;
			buildConfigurationList = C959D0EC28E9AF4A00128DDE /* Build configuration list for PBXNativeTarget "swiftMemo (macOS)" */;
			buildPhases = (
				C959D0D628E9AF4A00128DDE /* Sources */,
				C959D0D728E9AF4A00128DDE /* Frameworks */,
				C959D0D828E9AF4A00128DDE /* Resources */,
			);
			buildRules = (
			);
			dependencies = (
			);
			name = "swiftMemo (macOS)";
			productName = "swiftMemo (macOS)";
			productReference = C959D0DA28E9AF4A00128DDE /* swiftMemo.app */;
			productType = "com.apple.product-type.application";
		};
/* End PBXNativeTarget section */

/* Begin PBXProject section */
		C959D0C528E9AF4800128DDE /* Project object */ = {
			isa = PBXProject;
			attributes = {
				BuildIndependentTargetsInParallel = 1;
				LastSwiftUpdateCheck = 1340;
				LastUpgradeCheck = 1340;
				TargetAttributes = {
					C959D0D328E9AF4A00128DDE = {
						CreatedOnToolsVersion = 13.4.1;
					};
					C959D0D928E9AF4A00128DDE = {
						CreatedOnToolsVersion = 13.4.1;
					};
				};
			};
			buildConfigurationList = C959D0C828E9AF4800128DDE /* Build configuration list for PBXProject "swiftMemo" */;
			compatibilityVersion = "Xcode 13.0";
			developmentRegion = en;
			hasScannedForEncodings = 0;
			knownRegions = (
				en,
				Base,
			);
			mainGroup = C959D0C428E9AF4800128DDE;
			productRefGroup = C959D0D528E9AF4A00128DDE /* Products */;
			projectDirPath = "";
			projectRoot = "";
			targets = (
				C959D0D328E9AF4A00128DDE /* swiftMemo (iOS) */,
				C959D0D928E9AF4A00128DDE /* swiftMemo (macOS) */,
			);
		};
/* End PBXProject section */

/* Begin PBXResourcesBuildPhase section */
		C959D0D228E9AF4A00128DDE /* Resources */ = {
			isa = PBXResourcesBuildPhase;
			buildActionMask = 2147483647;
			files = (
				C959D0E528E9AF4A00128DDE /* Assets.xcassets in Resources */,
			);
			runOnlyForDeploymentPostprocessing = 0;
		};
		C959D0D828E9AF4A00128DDE /* Resources */ = {
			isa = PBXResourcesBuildPhase;
			buildActionMask = 2147483647;
			files = (
				C959D0E628E9AF4A00128DDE /* Assets.xcassets in Resources */,
			);
			runOnlyForDeploymentPostprocessing = 0;
		};
/* End PBXResourcesBuildPhase section */

/* Begin PBXSourcesBuildPhase section */
		C959D0D028E9AF4A00128DDE /* Sources */ = {
			isa = PBXSourcesBuildPhase;
			buildActionMask = 2147483647;
			files = (
				C959D0FC28E9B5BE00128DDE /* MemoCell.swift in Sources */,
				C959D0DD28E9AF4A00128DDE /* swiftMemo.xcdatamodeld in Sources */,
				C959D0F828E9B0AD00128DDE /* MemoStore.swift in Sources */,
				C959D0F028E9AF9600128DDE /* MainListView.swift in Sources */,
				C959D0E328E9AF4A00128DDE /* Persistence.swift in Sources */,
				C959D0DF28E9AF4A00128DDE /* swiftMemoApp.swift in Sources */,
				C959D0F528E9B02C00128DDE /* Memo.swift in Sources */,
			);
			runOnlyForDeploymentPostprocessing = 0;
		};
		C959D0D628E9AF4A00128DDE /* Sources */ = {
			isa = PBXSourcesBuildPhase;
			buildActionMask = 2147483647;
			files = (
				C959D0FD28E9B5BE00128DDE /* MemoCell.swift in Sources */,
				C959D0DE28E9AF4A00128DDE /* swiftMemo.xcdatamodeld in Sources */,
				C959D0F928E9B0AD00128DDE /* MemoStore.swift in Sources */,
				C959D0F128E9AF9600128DDE /* MainListView.swift in Sources */,
				C959D0E428E9AF4A00128DDE /* Persistence.swift in Sources */,
				C959D0E028E9AF4A00128DDE /* swiftMemoApp.swift in Sources */,
				C959D0F628E9B02C00128DDE /* Memo.swift in Sources */,
			);
			runOnlyForDeploymentPostprocessing = 0;
		};
/* End PBXSourcesBuildPhase section */

/* Begin XCBuildConfiguration section */
		C959D0E728E9AF4A00128DDE /* Debug */ = {
			isa = XCBuildConfiguration;
			buildSettings = {
				ALWAYS_SEARCH_USER_PATHS = NO;
				CLANG_ANALYZER_NONNULL = YES;
				CLANG_ANALYZER_NUMBER_OBJECT_CONVERSION = YES_AGGRESSIVE;
				CLANG_CXX_LANGUAGE_STANDARD = "gnu++17";
				CLANG_ENABLE_MODULES = YES;
				CLANG_ENABLE_OBJC_ARC = YES;
				CLANG_ENABLE_OBJC_WEAK = YES;
				CLANG_WARN_BLOCK_CAPTURE_AUTORELEASING = YES;
				CLANG_WARN_BOOL_CONVERSION = YES;
				CLANG_WARN_COMMA = YES;
				CLANG_WARN_CONSTANT_CONVERSION = YES;
				CLANG_WARN_DEPRECATED_OBJC_IMPLEMENTATIONS = YES;
				CLANG_WARN_DIRECT_OBJC_ISA_USAGE = YES_ERROR;
				CLANG_WARN_DOCUMENTATION_COMMENTS = YES;
				CLANG_WARN_EMPTY_BODY = YES;
				CLANG_WARN_ENUM_CONVERSION = YES;
				CLANG_WARN_INFINITE_RECURSION = YES;
				CLANG_WARN_INT_CONVERSION = YES;
				CLANG_WARN_NON_LITERAL_NULL_CONVERSION = YES;
				CLANG_WARN_OBJC_IMPLICIT_RETAIN_SELF = YES;
				CLANG_WARN_OBJC_LITERAL_CONVERSION = YES;
				CLANG_WARN_OBJC_ROOT_CLASS = YES_ERROR;
				CLANG_WARN_QUOTED_INCLUDE_IN_FRAMEWORK_HEADER = YES;
				CLANG_WARN_RANGE_LOOP_ANALYSIS = YES;
				CLANG_WARN_STRICT_PROTOTYPES = YES;
				CLANG_WARN_SUSPICIOUS_MOVE = YES;
				CLANG_WARN_UNGUARDED_AVAILABILITY = YES_AGGRESSIVE;
				CLANG_WARN_UNREACHABLE_CODE = YES;
				CLANG_WARN__DUPLICATE_METHOD_MATCH = YES;
				COPY_PHASE_STRIP = NO;
				DEBUG_INFORMATION_FORMAT = dwarf;
				ENABLE_STRICT_OBJC_MSGSEND = YES;
				ENABLE_TESTABILITY = YES;
				GCC_C_LANGUAGE_STANDARD = gnu11;
				GCC_DYNAMIC_NO_PIC = NO;
				GCC_NO_COMMON_BLOCKS = YES;
				GCC_OPTIMIZATION_LEVEL = 0;
				GCC_PREPROCESSOR_DEFINITIONS = (
					"DEBUG=1",
					"$(inherited)",
				);
				GCC_WARN_64_TO_32_BIT_CONVERSION = YES;
				GCC_WARN_ABOUT_RETURN_TYPE = YES_ERROR;
				GCC_WARN_UNDECLARED_SELECTOR = YES;
				GCC_WARN_UNINITIALIZED_AUTOS = YES_AGGRESSIVE;
				GCC_WARN_UNUSED_FUNCTION = YES;
				GCC_WARN_UNUSED_VARIABLE = YES;
				MTL_ENABLE_DEBUG_INFO = INCLUDE_SOURCE;
				MTL_FAST_MATH = YES;
				ONLY_ACTIVE_ARCH = YES;
				SWIFT_ACTIVE_COMPILATION_CONDITIONS = DEBUG;
				SWIFT_OPTIMIZATION_LEVEL = "-Onone";
			};
			name = Debug;
		};
		C959D0E828E9AF4A00128DDE /* Release */ = {
			isa = XCBuildConfiguration;
			buildSettings = {
				ALWAYS_SEARCH_USER_PATHS = NO;
				CLANG_ANALYZER_NONNULL = YES;
				CLANG_ANALYZER_NUMBER_OBJECT_CONVERSION = YES_AGGRESSIVE;
				CLANG_CXX_LANGUAGE_STANDARD = "gnu++17";
				CLANG_ENABLE_MODULES = YES;
				CLANG_ENABLE_OBJC_ARC = YES;
				CLANG_ENABLE_OBJC_WEAK = YES;
				CLANG_WARN_BLOCK_CAPTURE_AUTORELEASING = YES;
				CLANG_WARN_BOOL_CONVERSION = YES;
				CLANG_WARN_COMMA = YES;
				CLANG_WARN_CONSTANT_CONVERSION = YES;
				CLANG_WARN_DEPRECATED_OBJC_IMPLEMENTATIONS = YES;
				CLANG_WARN_DIRECT_OBJC_ISA_USAGE = YES_ERROR;
				CLANG_WARN_DOCUMENTATION_COMMENTS = YES;
				CLANG_WARN_EMPTY_BODY = YES;
				CLANG_WARN_ENUM_CONVERSION = YES;
				CLANG_WARN_INFINITE_RECURSION = YES;
				CLANG_WARN_INT_CONVERSION = YES;
				CLANG_WARN_NON_LITERAL_NULL_CONVERSION = YES;
				CLANG_WARN_OBJC_IMPLICIT_RETAIN_SELF = YES;
				CLANG_WARN_OBJC_LITERAL_CONVERSION = YES;
				CLANG_WARN_OBJC_ROOT_CLASS = YES_ERROR;
				CLANG_WARN_QUOTED_INCLUDE_IN_FRAMEWORK_HEADER = YES;
				CLANG_WARN_RANGE_LOOP_ANALYSIS = YES;
				CLANG_WARN_STRICT_PROTOTYPES = YES;
				CLANG_WARN_SUSPICIOUS_MOVE = YES;
				CLANG_WARN_UNGUARDED_AVAILABILITY = YES_AGGRESSIVE;
				CLANG_WARN_UNREACHABLE_CODE = YES;
				CLANG_WARN__DUPLICATE_METHOD_MATCH = YES;
				COPY_PHASE_STRIP = NO;
				DEBUG_INFORMATION_FORMAT = "dwarf-with-dsym";
				ENABLE_NS_ASSERTIONS = NO;
				ENABLE_STRICT_OBJC_MSGSEND = YES;
				GCC_C_LANGUAGE_STANDARD = gnu11;
				GCC_NO_COMMON_BLOCKS = YES;
				GCC_WARN_64_TO_32_BIT_CONVERSION = YES;
				GCC_WARN_ABOUT_RETURN_TYPE = YES_ERROR;
				GCC_WARN_UNDECLARED_SELECTOR = YES;
				GCC_WARN_UNINITIALIZED_AUTOS = YES_AGGRESSIVE;
				GCC_WARN_UNUSED_FUNCTION = YES;
				GCC_WARN_UNUSED_VARIABLE = YES;
				MTL_ENABLE_DEBUG_INFO = NO;
				MTL_FAST_MATH = YES;
				SWIFT_COMPILATION_MODE = wholemodule;
				SWIFT_OPTIMIZATION_LEVEL = "-O";
			};
			name = Release;
		};
		C959D0EA28E9AF4A00128DDE /* Debug */ = {
			isa = XCBuildConfiguration;
			buildSettings = {
				ASSETCATALOG_COMPILER_APPICON_NAME = AppIcon;
				ASSETCATALOG_COMPILER_GLOBAL_ACCENT_COLOR_NAME = AccentColor;
				CODE_SIGN_STYLE = Automatic;
				CURRENT_PROJECT_VERSION = 1;
				DEVELOPMENT_TEAM = XX8VKY7M3Z;
				ENABLE_PREVIEWS = YES;
				GENERATE_INFOPLIST_FILE = YES;
				INFOPLIST_KEY_UIApplicationSceneManifest_Generation = YES;
				INFOPLIST_KEY_UIApplicationSupportsIndirectInputEvents = YES;
				INFOPLIST_KEY_UILaunchScreen_Generation = YES;
				INFOPLIST_KEY_UISupportedInterfaceOrientations_iPad = "UIInterfaceOrientationPortrait UIInterfaceOrientationPortraitUpsideDown UIInterfaceOrientationLandscapeLeft UIInterfaceOrientationLandscapeRight";
				INFOPLIST_KEY_UISupportedInterfaceOrientations_iPhone = "UIInterfaceOrientationPortrait UIInterfaceOrientationLandscapeLeft UIInterfaceOrientationLandscapeRight";
				IPHONEOS_DEPLOYMENT_TARGET = 15.5;
				LD_RUNPATH_SEARCH_PATHS = (
					"$(inherited)",
					"@executable_path/Frameworks",
				);
				MARKETING_VERSION = 1.0;
				PRODUCT_BUNDLE_IDENTIFIER = com.daeun.swiftMemo.swiftMemo;
				PRODUCT_NAME = swiftMemo;
				SDKROOT = iphoneos;
				SWIFT_EMIT_LOC_STRINGS = YES;
				SWIFT_VERSION = 5.0;
				TARGETED_DEVICE_FAMILY = "1,2";
			};
			name = Debug;
		};
		C959D0EB28E9AF4A00128DDE /* Release */ = {
			isa = XCBuildConfiguration;
			buildSettings = {
				ASSETCATALOG_COMPILER_APPICON_NAME = AppIcon;
				ASSETCATALOG_COMPILER_GLOBAL_ACCENT_COLOR_NAME = AccentColor;
				CODE_SIGN_STYLE = Automatic;
				CURRENT_PROJECT_VERSION = 1;
				DEVELOPMENT_TEAM = XX8VKY7M3Z;
				ENABLE_PREVIEWS = YES;
				GENERATE_INFOPLIST_FILE = YES;
				INFOPLIST_KEY_UIApplicationSceneManifest_Generation = YES;
				INFOPLIST_KEY_UIApplicationSupportsIndirectInputEvents = YES;
				INFOPLIST_KEY_UILaunchScreen_Generation = YES;
				INFOPLIST_KEY_UISupportedInterfaceOrientations_iPad = "UIInterfaceOrientationPortrait UIInterfaceOrientationPortraitUpsideDown UIInterfaceOrientationLandscapeLeft UIInterfaceOrientationLandscapeRight";
				INFOPLIST_KEY_UISupportedInterfaceOrientations_iPhone = "UIInterfaceOrientationPortrait UIInterfaceOrientationLandscapeLeft UIInterfaceOrientationLandscapeRight";
				IPHONEOS_DEPLOYMENT_TARGET = 15.5;
				LD_RUNPATH_SEARCH_PATHS = (
					"$(inherited)",
					"@executable_path/Frameworks",
				);
				MARKETING_VERSION = 1.0;
				PRODUCT_BUNDLE_IDENTIFIER = com.daeun.swiftMemo.swiftMemo;
				PRODUCT_NAME = swiftMemo;
				SDKROOT = iphoneos;
				SWIFT_EMIT_LOC_STRINGS = YES;
				SWIFT_VERSION = 5.0;
				TARGETED_DEVICE_FAMILY = "1,2";
				VALIDATE_PRODUCT = YES;
			};
			name = Release;
		};
		C959D0ED28E9AF4A00128DDE /* Debug */ = {
			isa = XCBuildConfiguration;
			buildSettings = {
				ASSETCATALOG_COMPILER_APPICON_NAME = AppIcon;
				ASSETCATALOG_COMPILER_GLOBAL_ACCENT_COLOR_NAME = AccentColor;
				CODE_SIGN_ENTITLEMENTS = macOS/macOS.entitlements;
				CODE_SIGN_STYLE = Automatic;
				COMBINE_HIDPI_IMAGES = YES;
				CURRENT_PROJECT_VERSION = 1;
				DEVELOPMENT_TEAM = XX8VKY7M3Z;
				ENABLE_HARDENED_RUNTIME = YES;
				ENABLE_PREVIEWS = YES;
				GENERATE_INFOPLIST_FILE = YES;
				INFOPLIST_KEY_NSHumanReadableCopyright = "";
				LD_RUNPATH_SEARCH_PATHS = (
					"$(inherited)",
					"@executable_path/../Frameworks",
				);
				MACOSX_DEPLOYMENT_TARGET = 12.3;
				MARKETING_VERSION = 1.0;
				PRODUCT_BUNDLE_IDENTIFIER = com.daeun.swiftMemo.swiftMemo;
				PRODUCT_NAME = swiftMemo;
				SDKROOT = macosx;
				SWIFT_EMIT_LOC_STRINGS = YES;
				SWIFT_VERSION = 5.0;
			};
			name = Debug;
		};
		C959D0EE28E9AF4A00128DDE /* Release */ = {
			isa = XCBuildConfiguration;
			buildSettings = {
				ASSETCATALOG_COMPILER_APPICON_NAME = AppIcon;
				ASSETCATALOG_COMPILER_GLOBAL_ACCENT_COLOR_NAME = AccentColor;
				CODE_SIGN_ENTITLEMENTS = macOS/macOS.entitlements;
				CODE_SIGN_STYLE = Automatic;
				COMBINE_HIDPI_IMAGES = YES;
				CURRENT_PROJECT_VERSION = 1;
				DEVELOPMENT_TEAM = XX8VKY7M3Z;
				ENABLE_HARDENED_RUNTIME = YES;
				ENABLE_PREVIEWS = YES;
				GENERATE_INFOPLIST_FILE = YES;
				INFOPLIST_KEY_NSHumanReadableCopyright = "";
				LD_RUNPATH_SEARCH_PATHS = (
					"$(inherited)",
					"@executable_path/../Frameworks",
				);
				MACOSX_DEPLOYMENT_TARGET = 12.3;
				MARKETING_VERSION = 1.0;
				PRODUCT_BUNDLE_IDENTIFIER = com.daeun.swiftMemo.swiftMemo;
				PRODUCT_NAME = swiftMemo;
				SDKROOT = macosx;
				SWIFT_EMIT_LOC_STRINGS = YES;
				SWIFT_VERSION = 5.0;
			};
			name = Release;
		};
/* End XCBuildConfiguration section */

/* Begin XCConfigurationList section */
		C959D0C828E9AF4800128DDE /* Build configuration list for PBXProject "swiftMemo" */ = {
			isa = XCConfigurationList;
			buildConfigurations = (
				C959D0E728E9AF4A00128DDE /* Debug */,
				C959D0E828E9AF4A00128DDE /* Release */,
			);
			defaultConfigurationIsVisible = 0;
			defaultConfigurationName = Release;
		};
		C959D0E928E9AF4A00128DDE /* Build configuration list for PBXNativeTarget "swiftMemo (iOS)" */ = {
			isa = XCConfigurationList;
			buildConfigurations = (
				C959D0EA28E9AF4A00128DDE /* Debug */,
				C959D0EB28E9AF4A00128DDE /* Release */,
			);
			defaultConfigurationIsVisible = 0;
			defaultConfigurationName = Release;
		};
		C959D0EC28E9AF4A00128DDE /* Build configuration list for PBXNativeTarget "swiftMemo (macOS)" */ = {
			isa = XCConfigurationList;
			buildConfigurations = (
				C959D0ED28E9AF4A00128DDE /* Debug */,
				C959D0EE28E9AF4A00128DDE /* Release */,
			);
			defaultConfigurationIsVisible = 0;
			defaultConfigurationName = Release;
		};
/* End XCConfigurationList section */

/* Begin XCVersionGroup section */
		C959D0CA28E9AF4800128DDE /* swiftMemo.xcdatamodeld */ = {
			isa = XCVersionGroup;
			children = (
				C959D0CB28E9AF4800128DDE /* Shared.xcdatamodel */,
			);
			currentVersion = C959D0CB28E9AF4800128DDE /* Shared.xcdatamodel */;
			path = swiftMemo.xcdatamodeld;
			sourceTree = "<group>";
			versionGroupType = wrapper.xcdatamodel;
		};
/* End XCVersionGroup section */
	};
	rootObject = C959D0C528E9AF4800128DDE /* Project object */;
}
